// !$*UTF8*$!
{
	archiveVersion = 1;
	classes = {
	};
	objectVersion = 46;
	objects = {

/* Begin PBXBuildFile section */
		8D1AC9700486D14A00FE50C9 /* Cocoa.framework in Frameworks */ = {isa = PBXBuildFile; fileRef = DD92D38A0106425D02CA0E72 /* Cocoa.framework */; };
		D416002C1682445D00509469 /* QSEventTrigger.xib in Resources */ = {isa = PBXBuildFile; fileRef = D416002B1682445D00509469 /* QSEventTrigger.xib */; };
		D42C72A01899864D0056BC93 /* headphones.png in Resources */ = {isa = PBXBuildFile; fileRef = D42C729F1899864D0056BC93 /* headphones.png */; };
		D42C72A4189987860056BC93 /* internal-speaker.png in Resources */ = {isa = PBXBuildFile; fileRef = D42C72A3189987860056BC93 /* internal-speaker.png */; };
		D42C72A818998EBF0056BC93 /* ethernet-port.png in Resources */ = {isa = PBXBuildFile; fileRef = D42C72A718998EBF0056BC93 /* ethernet-port.png */; };
		D42C72AC1899A13A0056BC93 /* display.png in Resources */ = {isa = PBXBuildFile; fileRef = D42C72A91899A13A0056BC93 /* display.png */; };
		D42C72AD1899A13A0056BC93 /* system-shutdown.png in Resources */ = {isa = PBXBuildFile; fileRef = D42C72AA1899A13A0056BC93 /* system-shutdown.png */; };
		D42C72AE1899A13A0056BC93 /* system-sleep.png in Resources */ = {isa = PBXBuildFile; fileRef = D42C72AB1899A13A0056BC93 /* system-sleep.png */; };
		D44C09911891A2D1009F83AE /* QSObjectValueTransformerET.m in Sources */ = {isa = PBXBuildFile; fileRef = D44C09901891A2D1009F83AE /* QSObjectValueTransformerET.m */; };
		D44C7F7A18A29D8D00F1767D /* QSAudioOutputEvents.m in Sources */ = {isa = PBXBuildFile; fileRef = D44C7F7918A29D8D00F1767D /* QSAudioOutputEvents.m */; };
		D48A3328185251DF009022DA /* QSInterface.framework in Frameworks */ = {isa = PBXBuildFile; fileRef = D48A3327185251DF009022DA /* QSInterface.framework */; };
		D4A04E23189AACBA00F04D95 /* QSObjectDraggedTableView.m in Sources */ = {isa = PBXBuildFile; fileRef = D4A04E20189AACBA00F04D95 /* QSObjectDraggedTableView.m */; };
		D4CE0501189A0A510035DF36 /* optical.png in Resources */ = {isa = PBXBuildFile; fileRef = D4CE0500189A0A510035DF36 /* optical.png */; };
		E11E3A9807A3841700F55E58 /* QSBasicEventTriggers.h in Resources */ = {isa = PBXBuildFile; fileRef = E11E3A9607A3841700F55E58 /* QSBasicEventTriggers.h */; };
		E11E3A9907A3841700F55E58 /* QSBasicEventTriggers.m in Sources */ = {isa = PBXBuildFile; fileRef = E11E3A9707A3841700F55E58 /* QSBasicEventTriggers.m */; };
		E17CD96007A33F2B006BAEA7 /* QSEventTriggerManager.m in Sources */ = {isa = PBXBuildFile; fileRef = E17CD95E07A33F2B006BAEA7 /* QSEventTriggerManager.m */; };
		E17CDCF807A36941006BAEA7 /* QSEventTriggerManager.h in Resources */ = {isa = PBXBuildFile; fileRef = E17CD95D07A33F2B006BAEA7 /* QSEventTriggerManager.h */; };
/* End PBXBuildFile section */

/* Begin PBXFileReference section */
		8D1AC9730486D14A00FE50C9 /* Info.plist */ = {isa = PBXFileReference; fileEncoding = 4; lastKnownFileType = text.plist; path = Info.plist; sourceTree = "<group>"; };
		8D1AC9740486D14A00FE50C9 /* Event Triggers.qsplugin */ = {isa = PBXFileReference; explicitFileType = wrapper.cfbundle; includeInIndex = 0; path = "Event Triggers.qsplugin"; sourceTree = BUILT_PRODUCTS_DIR; };
		D416002B1682445D00509469 /* QSEventTrigger.xib */ = {isa = PBXFileReference; fileEncoding = 4; lastKnownFileType = file.xib; path = QSEventTrigger.xib; sourceTree = "<group>"; };
		D42C729F1899864D0056BC93 /* headphones.png */ = {isa = PBXFileReference; lastKnownFileType = image.png; name = headphones.png; path = Resources/headphones.png; sourceTree = "<group>"; };
		D42C72A3189987860056BC93 /* internal-speaker.png */ = {isa = PBXFileReference; lastKnownFileType = image.png; name = "internal-speaker.png"; path = "Resources/internal-speaker.png"; sourceTree = "<group>"; };
		D42C72A718998EBF0056BC93 /* ethernet-port.png */ = {isa = PBXFileReference; lastKnownFileType = image.png; name = "ethernet-port.png"; path = "Resources/ethernet-port.png"; sourceTree = "<group>"; };
		D42C72A91899A13A0056BC93 /* display.png */ = {isa = PBXFileReference; lastKnownFileType = image.png; name = display.png; path = Resources/display.png; sourceTree = "<group>"; };
		D42C72AA1899A13A0056BC93 /* system-shutdown.png */ = {isa = PBXFileReference; lastKnownFileType = image.png; name = "system-shutdown.png"; path = "Resources/system-shutdown.png"; sourceTree = "<group>"; };
		D42C72AB1899A13A0056BC93 /* system-sleep.png */ = {isa = PBXFileReference; lastKnownFileType = image.png; name = "system-sleep.png"; path = "Resources/system-sleep.png"; sourceTree = "<group>"; };
		D44124C51680C4C600793732 /* Common.xcconfig */ = {isa = PBXFileReference; lastKnownFileType = text.xcconfig; path = Common.xcconfig; sourceTree = "<group>"; };
		D44124C61680C4C600793732 /* Debug.xcconfig */ = {isa = PBXFileReference; lastKnownFileType = text.xcconfig; path = Debug.xcconfig; sourceTree = "<group>"; };
		D44124C71680C4C600793732 /* Developer.xcconfig */ = {isa = PBXFileReference; lastKnownFileType = text.xcconfig; path = Developer.xcconfig; sourceTree = "<group>"; };
		D44124C81680C4C600793732 /* QSPlugIn.xcconfig */ = {isa = PBXFileReference; lastKnownFileType = text.xcconfig; path = QSPlugIn.xcconfig; sourceTree = "<group>"; };
		D44124C91680C4C600793732 /* Quicksilver.pch */ = {isa = PBXFileReference; lastKnownFileType = sourcecode.c.h; path = Quicksilver.pch; sourceTree = "<group>"; };
		D44124CA1680C4C600793732 /* Release.xcconfig */ = {isa = PBXFileReference; lastKnownFileType = text.xcconfig; path = Release.xcconfig; sourceTree = "<group>"; };
		D44C098F1891A2D1009F83AE /* QSObjectValueTransformerET.h */ = {isa = PBXFileReference; fileEncoding = 4; lastKnownFileType = sourcecode.c.h; path = QSObjectValueTransformerET.h; sourceTree = "<group>"; };
		D44C09901891A2D1009F83AE /* QSObjectValueTransformerET.m */ = {isa = PBXFileReference; fileEncoding = 4; lastKnownFileType = sourcecode.c.objc; path = QSObjectValueTransformerET.m; sourceTree = "<group>"; };
		D44C7F7818A29D8D00F1767D /* QSAudioOutputEvents.h */ = {isa = PBXFileReference; fileEncoding = 4; lastKnownFileType = sourcecode.c.h; path = QSAudioOutputEvents.h; sourceTree = "<group>"; };
		D44C7F7918A29D8D00F1767D /* QSAudioOutputEvents.m */ = {isa = PBXFileReference; fileEncoding = 4; lastKnownFileType = sourcecode.c.objc; path = QSAudioOutputEvents.m; sourceTree = "<group>"; };
		D48A3327185251DF009022DA /* QSInterface.framework */ = {isa = PBXFileReference; lastKnownFileType = wrapper.framework; path = QSInterface.framework; sourceTree = BUILT_PRODUCTS_DIR; };
		D4A04E1F189AACBA00F04D95 /* QSObjectDraggedTableView.h */ = {isa = PBXFileReference; fileEncoding = 4; lastKnownFileType = sourcecode.c.h; path = QSObjectDraggedTableView.h; sourceTree = "<group>"; };
		D4A04E20189AACBA00F04D95 /* QSObjectDraggedTableView.m */ = {isa = PBXFileReference; fileEncoding = 4; lastKnownFileType = sourcecode.c.objc; path = QSObjectDraggedTableView.m; sourceTree = "<group>"; };
		D4CE0500189A0A510035DF36 /* optical.png */ = {isa = PBXFileReference; lastKnownFileType = image.png; name = optical.png; path = Resources/optical.png; sourceTree = "<group>"; };
		DD92D38A0106425D02CA0E72 /* Cocoa.framework */ = {isa = PBXFileReference; lastKnownFileType = wrapper.framework; name = Cocoa.framework; path = /System/Library/Frameworks/Cocoa.framework; sourceTree = "<absolute>"; };
		E11E3A9607A3841700F55E58 /* QSBasicEventTriggers.h */ = {isa = PBXFileReference; fileEncoding = 4; lastKnownFileType = sourcecode.c.h; path = QSBasicEventTriggers.h; sourceTree = "<group>"; };
		E11E3A9707A3841700F55E58 /* QSBasicEventTriggers.m */ = {isa = PBXFileReference; fileEncoding = 4; lastKnownFileType = sourcecode.c.objc; path = QSBasicEventTriggers.m; sourceTree = "<group>"; };
		E17CD95D07A33F2B006BAEA7 /* QSEventTriggerManager.h */ = {isa = PBXFileReference; fileEncoding = 30; lastKnownFileType = sourcecode.c.h; path = QSEventTriggerManager.h; sourceTree = "<group>"; };
		E17CD95E07A33F2B006BAEA7 /* QSEventTriggerManager.m */ = {isa = PBXFileReference; fileEncoding = 30; lastKnownFileType = sourcecode.c.objc; path = QSEventTriggerManager.m; sourceTree = "<group>"; };
/* End PBXFileReference section */

/* Begin PBXFrameworksBuildPhase section */
		8D1AC96E0486D14A00FE50C9 /* Frameworks */ = {
			isa = PBXFrameworksBuildPhase;
			buildActionMask = 2147483647;
			files = (
				D48A3328185251DF009022DA /* QSInterface.framework in Frameworks */,
				8D1AC9700486D14A00FE50C9 /* Cocoa.framework in Frameworks */,
			);
			runOnlyForDeploymentPostprocessing = 0;
		};
/* End PBXFrameworksBuildPhase section */

/* Begin PBXGroup section */
		0259C574FE90428111CA0C5A /* QSEventTriggersPlugIn */ = {
			isa = PBXGroup;
			children = (
				D44124C41680C4C600793732 /* Configuration */,
				32DBCF9E0370C38000C91783 /* Classes */,
				0259C582FE90428111CA0C5A /* Resources */,
				1ED78706FE9D4A0611CA0C5A /* Products */,
				2E58F364FFB232C311CA0CBA /* Frameworks */,
			);
			name = QSEventTriggersPlugIn;
			sourceTree = "<group>";
		};
		0259C582FE90428111CA0C5A /* Resources */ = {
			isa = PBXGroup;
			children = (
				D416002B1682445D00509469 /* QSEventTrigger.xib */,
				8D1AC9730486D14A00FE50C9 /* Info.plist */,
				D42C729F1899864D0056BC93 /* headphones.png */,
				D42C72A3189987860056BC93 /* internal-speaker.png */,
				D42C72A718998EBF0056BC93 /* ethernet-port.png */,
				D42C72A91899A13A0056BC93 /* display.png */,
				D42C72AA1899A13A0056BC93 /* system-shutdown.png */,
				D42C72AB1899A13A0056BC93 /* system-sleep.png */,
				D4CE0500189A0A510035DF36 /* optical.png */,
			);
			name = Resources;
			sourceTree = "<group>";
		};
		1ED78706FE9D4A0611CA0C5A /* Products */ = {
			isa = PBXGroup;
			children = (
				8D1AC9740486D14A00FE50C9 /* Event Triggers.qsplugin */,
			);
			name = Products;
			sourceTree = "<group>";
		};
		2E58F364FFB232C311CA0CBA /* Frameworks */ = {
			isa = PBXGroup;
			children = (
				D48A3327185251DF009022DA /* QSInterface.framework */,
				DD92D38A0106425D02CA0E72 /* Cocoa.framework */,
			);
			name = Frameworks;
			sourceTree = "<group>";
		};
		32DBCF9E0370C38000C91783 /* Classes */ = {
			isa = PBXGroup;
			children = (
				E11E3A9607A3841700F55E58 /* QSBasicEventTriggers.h */,
				E11E3A9707A3841700F55E58 /* QSBasicEventTriggers.m */,
				E17CD95D07A33F2B006BAEA7 /* QSEventTriggerManager.h */,
				E17CD95E07A33F2B006BAEA7 /* QSEventTriggerManager.m */,
				D44C098F1891A2D1009F83AE /* QSObjectValueTransformerET.h */,
				D44C09901891A2D1009F83AE /* QSObjectValueTransformerET.m */,
				D4A04E1F189AACBA00F04D95 /* QSObjectDraggedTableView.h */,
				D4A04E20189AACBA00F04D95 /* QSObjectDraggedTableView.m */,
				D44C7F7818A29D8D00F1767D /* QSAudioOutputEvents.h */,
				D44C7F7918A29D8D00F1767D /* QSAudioOutputEvents.m */,
			);
			name = Classes;
			sourceTree = "<group>";
		};
		D44124C41680C4C600793732 /* Configuration */ = {
			isa = PBXGroup;
			children = (
				D44124C51680C4C600793732 /* Common.xcconfig */,
				D44124C61680C4C600793732 /* Debug.xcconfig */,
				D44124C71680C4C600793732 /* Developer.xcconfig */,
				D44124C81680C4C600793732 /* QSPlugIn.xcconfig */,
				D44124C91680C4C600793732 /* Quicksilver.pch */,
				D44124CA1680C4C600793732 /* Release.xcconfig */,
			);
			name = Configuration;
			path = /private/tmp/QS/Configuration;
			sourceTree = "<absolute>";
		};
/* End PBXGroup section */

/* Begin PBXNativeTarget section */
		8D1AC9600486D14A00FE50C9 /* Event Triggers */ = {
			isa = PBXNativeTarget;
			buildConfigurationList = 7F07AFDA085E433000E2AFC4 /* Build configuration list for PBXNativeTarget "Event Triggers" */;
			buildPhases = (
				E1022B2806B3475D00299BEC /* Update Version and Documentation */,
				8D1AC9660486D14A00FE50C9 /* Resources */,
				8D1AC96A0486D14A00FE50C9 /* Sources */,
				8D1AC96E0486D14A00FE50C9 /* Frameworks */,
			);
			buildRules = (
			);
			dependencies = (
			);
			name = "Event Triggers";
			productInstallPath = "$(HOME)/Developer/Palettes";
			productName = QSEventTriggersPlugIn;
			productReference = 8D1AC9740486D14A00FE50C9 /* Event Triggers.qsplugin */;
			productType = "com.apple.product-type.bundle";
		};
/* End PBXNativeTarget section */

/* Begin PBXProject section */
		0259C573FE90428111CA0C5A /* Project object */ = {
			isa = PBXProject;
			attributes = {
				LastUpgradeCheck = 0500;
			};
			buildConfigurationList = 7F07AFDE085E433000E2AFC4 /* Build configuration list for PBXProject "QSEventTriggersElement" */;
			compatibilityVersion = "Xcode 3.2";
			developmentRegion = English;
			hasScannedForEncodings = 1;
			knownRegions = (
				en,
			);
			mainGroup = 0259C574FE90428111CA0C5A /* QSEventTriggersPlugIn */;
			projectDirPath = "";
			projectRoot = "";
			targets = (
				8D1AC9600486D14A00FE50C9 /* Event Triggers */,
			);
		};
/* End PBXProject section */

/* Begin PBXResourcesBuildPhase section */
		8D1AC9660486D14A00FE50C9 /* Resources */ = {
			isa = PBXResourcesBuildPhase;
			buildActionMask = 2147483647;
			files = (
				D42C72A01899864D0056BC93 /* headphones.png in Resources */,
				D42C72AC1899A13A0056BC93 /* display.png in Resources */,
				E17CDCF807A36941006BAEA7 /* QSEventTriggerManager.h in Resources */,
				D42C72A4189987860056BC93 /* internal-speaker.png in Resources */,
				D4CE0501189A0A510035DF36 /* optical.png in Resources */,
				D42C72AD1899A13A0056BC93 /* system-shutdown.png in Resources */,
				D42C72AE1899A13A0056BC93 /* system-sleep.png in Resources */,
				E11E3A9807A3841700F55E58 /* QSBasicEventTriggers.h in Resources */,
				D416002C1682445D00509469 /* QSEventTrigger.xib in Resources */,
				D42C72A818998EBF0056BC93 /* ethernet-port.png in Resources */,
			);
			runOnlyForDeploymentPostprocessing = 0;
		};
/* End PBXResourcesBuildPhase section */

/* Begin PBXShellScriptBuildPhase section */
		E1022B2806B3475D00299BEC /* Update Version and Documentation */ = {
			isa = PBXShellScriptBuildPhase;
			buildActionMask = 8;
			files = (
			);
			inputPaths = (
			);
			name = "Update Version and Documentation";
			outputPaths = (
			);
			runOnlyForDeploymentPostprocessing = 1;
			shellPath = /bin/sh;
			shellScript = "\"$QS_BUILD_ROOT/Tools/bltrversion\"";
		};
/* End PBXShellScriptBuildPhase section */

/* Begin PBXSourcesBuildPhase section */
		8D1AC96A0486D14A00FE50C9 /* Sources */ = {
			isa = PBXSourcesBuildPhase;
			buildActionMask = 2147483647;
			files = (
				E17CD96007A33F2B006BAEA7 /* QSEventTriggerManager.m in Sources */,
				D44C7F7A18A29D8D00F1767D /* QSAudioOutputEvents.m in Sources */,
				D44C09911891A2D1009F83AE /* QSObjectValueTransformerET.m in Sources */,
				D4A04E23189AACBA00F04D95 /* QSObjectDraggedTableView.m in Sources */,
				E11E3A9907A3841700F55E58 /* QSBasicEventTriggers.m in Sources */,
			);
			runOnlyForDeploymentPostprocessing = 0;
		};
/* End PBXSourcesBuildPhase section */

/* Begin XCBuildConfiguration section */
		7F07AFDC085E433000E2AFC4 /* Release */ = {
			isa = XCBuildConfiguration;
			baseConfigurationReference = D44124C81680C4C600793732 /* QSPlugIn.xcconfig */;
			buildSettings = {
				FRAMEWORK_SEARCH_PATHS = (
					"$(inherited)",
					/tmp/QS/build/Release,
				);
				PRODUCT_NAME = "Event Triggers";
			};
			name = Release;
		};
		7F07AFE0085E433000E2AFC4 /* Release */ = {
			isa = XCBuildConfiguration;
			baseConfigurationReference = D44124CA1680C4C600793732 /* Release.xcconfig */;
			buildSettings = {
				CLANG_ENABLE_OBJC_ARC = YES;
			};
			name = Release;
		};
		D44124CB1680C4EA00793732 /* Debug */ = {
			isa = XCBuildConfiguration;
			baseConfigurationReference = D44124C61680C4C600793732 /* Debug.xcconfig */;
			buildSettings = {
				CLANG_ENABLE_OBJC_ARC = YES;
			};
			name = Debug;
		};
		D44124CC1680C4EA00793732 /* Debug */ = {
			isa = XCBuildConfiguration;
			baseConfigurationReference = D44124C81680C4C600793732 /* QSPlugIn.xcconfig */;
			buildSettings = {
				FRAMEWORK_SEARCH_PATHS = (
					"$(inherited)",
					/tmp/QS/build/Release,
				);
				PRODUCT_NAME = "Event Triggers";
			};
			name = Debug;
		};
/* End XCBuildConfiguration section */

/* Begin XCConfigurationList section */
		7F07AFDA085E433000E2AFC4 /* Build configuration list for PBXNativeTarget "Event Triggers" */ = {
			isa = XCConfigurationList;
			buildConfigurations = (
				7F07AFDC085E433000E2AFC4 /* Release */,
				D44124CC1680C4EA00793732 /* Debug */,
			);
			defaultConfigurationIsVisible = 0;
			defaultConfigurationName = Release;
		};
		7F07AFDE085E433000E2AFC4 /* Build configuration list for PBXProject "QSEventTriggersElement" */ = {
			isa = XCConfigurationList;
			buildConfigurations = (
				7F07AFE0085E433000E2AFC4 /* Release */,
				D44124CB1680C4EA00793732 /* Debug */,
			);
			defaultConfigurationIsVisible = 0;
			defaultConfigurationName = Release;
		};
/* End XCConfigurationList section */
	};
	rootObject = 0259C573FE90428111CA0C5A /* Project object */;
}
